
Microsoft Visual Studio Solution File, Format Version 12.00
# Visual Studio Version 17
VisualStudioVersion = 17.11.35312.102
MinimumVisualStudioVersion = 10.0.40219.1
Project("{FAE04EC0-301F-11D3-BF4B-00C04F79EFBC}") = "FistProject", "FistProject\FistProject.csproj", "{70B4C679-DC06-455B-A730-BE27DE2AB7C7}"
EndProject
Global
	GlobalSection(SolutionConfigurationPlatforms) = preSolution
		Debug|Any CPU = Debug|Any CPU
		Release|Any CPU = Release|Any CPU
	EndGlobalSection
	GlobalSection(ProjectConfigurationPlatforms) = postSolution
		{70B4C679-DC06-455B-A730-BE27DE2AB7C7}.Debug|Any CPU.ActiveCfg = Debug|Any CPU
		{70B4C679-DC06-455B-A730-BE27DE2AB7C7}.Debug|Any CPU.Build.0 = Debug|Any CPU
		{70B4C679-DC06-455B-A730-BE27DE2AB7C7}.Release|Any CPU.ActiveCfg = Release|Any CPU
		{70B4C679-DC06-455B-A730-BE27DE2AB7C7}.Release|Any CPU.Build.0 = Release|Any CPU
	EndGlobalSection
	GlobalSection(SolutionProperties) = preSolution
		HideSolutionNode = FALSE
	EndGlobalSection
	GlobalSection(ExtensibilityGlobals) = postSolution
		SolutionGuid = {4B388D58-058F-4E25-B5BE-BBAF17534A9B}
	EndGlobalSection
EndGlobal
