
Microsoft Visual Studio Solution File, Format Version 12.00
# Visual Studio Version 17
VisualStudioVersion = 17.11.35222.181
MinimumVisualStudioVersion = 10.0.40219.1
Project("{FAE04EC0-301F-11D3-BF4B-00C04F79EFBC}") = "Excercise1", "Excercise1\Excercise1.csproj", "{1EB6EC1D-F06D-429E-9E56-ED6E3F261FAD}"
EndProject
Global
	GlobalSection(SolutionConfigurationPlatforms) = preSolution
		Debug|Any CPU = Debug|Any CPU
		Release|Any CPU = Release|Any CPU
	EndGlobalSection
	GlobalSection(ProjectConfigurationPlatforms) = postSolution
		{1EB6EC1D-F06D-429E-9E56-ED6E3F261FAD}.Debug|Any CPU.ActiveCfg = Debug|Any CPU
		{1EB6EC1D-F06D-429E-9E56-ED6E3F261FAD}.Debug|Any CPU.Build.0 = Debug|Any CPU
		{1EB6EC1D-F06D-429E-9E56-ED6E3F261FAD}.Release|Any CPU.ActiveCfg = Release|Any CPU
		{1EB6EC1D-F06D-429E-9E56-ED6E3F261FAD}.Release|Any CPU.Build.0 = Release|Any CPU
	EndGlobalSection
	GlobalSection(SolutionProperties) = preSolution
		HideSolutionNode = FALSE
	EndGlobalSection
	GlobalSection(ExtensibilityGlobals) = postSolution
		SolutionGuid = {7AAF3959-BAF5-45AE-BB12-54ACFEC6D9C1}
	EndGlobalSection
EndGlobal
